// !$*UTF8*$!
{
	archiveVersion = 1;
	classes = {
	};
	objectVersion = 46;
	objects = {

/* Begin PBXBuildFile section */
		70D59D2C1CC4F43300DBB395 /* AppDelegate.swift in Sources */ = {isa = PBXBuildFile; fileRef = 70D59D2B1CC4F43300DBB395 /* AppDelegate.swift */; };
		70D59D2E1CC4F43300DBB395 /* ViewController.swift in Sources */ = {isa = PBXBuildFile; fileRef = 70D59D2D1CC4F43300DBB395 /* ViewController.swift */; };
		70D59D311CC4F43300DBB395 /* Main.storyboard in Resources */ = {isa = PBXBuildFile; fileRef = 70D59D2F1CC4F43300DBB395 /* Main.storyboard */; };
		70D59D331CC4F43300DBB395 /* Assets.xcassets in Resources */ = {isa = PBXBuildFile; fileRef = 70D59D321CC4F43300DBB395 /* Assets.xcassets */; };
		70D59D361CC4F43300DBB395 /* LaunchScreen.storyboard in Resources */ = {isa = PBXBuildFile; fileRef = 70D59D341CC4F43300DBB395 /* LaunchScreen.storyboard */; };
/* End PBXBuildFile section */

/* Begin PBXFileReference section */
		70D59D281CC4F43300DBB395 /* GitXcode.app */ = {isa = PBXFileReference; explicitFileType = wrapper.application; includeInIndex = 0; path = GitXcode.app; sourceTree = BUILT_PRODUCTS_DIR; };
		70D59D2B1CC4F43300DBB395 /* AppDelegate.swift */ = {isa = PBXFileReference; lastKnownFileType = sourcecode.swift; path = AppDelegate.swift; sourceTree = "<group>"; };
		70D59D2D1CC4F43300DBB395 /* ViewController.swift */ = {isa = PBXFileReference; lastKnownFileType = sourcecode.swift; path = ViewController.swift; sourceTree = "<group>"; };
		70D59D301CC4F43300DBB395 /* Base */ = {isa = PBXFileReference; lastKnownFileType = file.storyboard; name = Base; path = Base.lproj/Main.storyboard; sourceTree = "<group>"; };
		70D59D321CC4F43300DBB395 /* Assets.xcassets */ = {isa = PBXFileReference; lastKnownFileType = folder.assetcatalog; path = Assets.xcassets; sourceTree = "<group>"; };
		70D59D351CC4F43300DBB395 /* Base */ = {isa = PBXFileReference; lastKnownFileType = file.storyboard; name = Base; path = Base.lproj/LaunchScreen.storyboard; sourceTree = "<group>"; };
		70D59D371CC4F43300DBB395 /* Info.plist */ = {isa = PBXFileReference; lastKnownFileType = text.plist.xml; path = Info.plist; sourceTree = "<group>"; };
/* End PBXFileReference section */

/* Begin PBXFrameworksBuildPhase section */
		70D59D251CC4F43300DBB395 /* Frameworks */ = {
			isa = PBXFrameworksBuildPhase;
			buildActionMask = 2147483647;
			files = (
			);
			runOnlyForDeploymentPostprocessing = 0;
		};
/* End PBXFrameworksBuildPhase section */

/* Begin PBXGroup section */
		70D59D1F1CC4F43300DBB395 = {
			isa = PBXGroup;
			children = (
				70D59D2A1CC4F43300DBB395 /* GitXcode */,
				70D59D291CC4F43300DBB395 /* Products */,
			);
			sourceTree = "<group>";
		};
		70D59D291CC4F43300DBB395 /* Products */ = {
			isa = PBXGroup;
			children = (
				70D59D281CC4F43300DBB395 /* GitXcode.app */,
			);
			name = Products;
			sourceTree = "<group>";
		};
		70D59D2A1CC4F43300DBB395 /* GitXcode */ = {
			isa = PBXGroup;
			children = (
				70D59D2B1CC4F43300DBB395 /* AppDelegate.swift */,
				70D59D2D1CC4F43300DBB395 /* ViewController.swift */,
				70D59D2F1CC4F43300DBB395 /* Main.storyboard */,
				70D59D321CC4F43300DBB395 /* Assets.xcassets */,
				70D59D341CC4F43300DBB395 /* LaunchScreen.storyboard */,
				70D59D371CC4F43300DBB395 /* Info.plist */,
			);
			path = GitXcode;
			sourceTree = "<group>";
		};
/* End PBXGroup section */

/* Begin PBXNativeTarget section */
		70D59D271CC4F43300DBB395 /* GitXcode */ = {
			isa = PBXNativeTarget;
			buildConfigurationList = 70D59D3A1CC4F43300DBB395 /* Build configuration list for PBXNativeTarget "GitXcode" */;
			buildPhases = (
				70D59D241CC4F43300DBB395 /* Sources */,
				70D59D251CC4F43300DBB395 /* Frameworks */,
				70D59D261CC4F43300DBB395 /* Resources */,
			);
			buildRules = (
			);
			dependencies = (
			);
			name = GitXcode;
			productName = GitXcode;
			productReference = 70D59D281CC4F43300DBB395 /* GitXcode.app */;
			productType = "com.apple.product-type.application";
		};
/* End PBXNativeTarget section */

/* Begin PBXProject section */
		70D59D201CC4F43300DBB395 /* Project object */ = {
			isa = PBXProject;
			attributes = {
				LastSwiftUpdateCheck = 0730;
				LastUpgradeCheck = 0730;
				ORGANIZATIONNAME = Ghaffar;
				TargetAttributes = {
					70D59D271CC4F43300DBB395 = {
						CreatedOnToolsVersion = 7.3;
						DevelopmentTeam = BV3PJEZECB;
					};
				};
			};
			buildConfigurationList = 70D59D231CC4F43300DBB395 /* Build configuration list for PBXProject "GitXcode" */;
			compatibilityVersion = "Xcode 3.2";
			developmentRegion = English;
			hasScannedForEncodings = 0;
			knownRegions = (
				en,
				Base,
			);
			mainGroup = 70D59D1F1CC4F43300DBB395;
			productRefGroup = 70D59D291CC4F43300DBB395 /* Products */;
			projectDirPath = "";
			projectRoot = "";
			targets = (
				70D59D271CC4F43300DBB395 /* GitXcode */,
			);
		};
/* End PBXProject section */

/* Begin PBXResourcesBuildPhase section */
		70D59D261CC4F43300DBB395 /* Resources */ = {
			isa = PBXResourcesBuildPhase;
			buildActionMask = 2147483647;
			files = (
				70D59D361CC4F43300DBB395 /* LaunchScreen.storyboard in Resources */,
				70D59D331CC4F43300DBB395 /* Assets.xcassets in Resources */,
				70D59D311CC4F43300DBB395 /* Main.storyboard in Resources */,
			);
			runOnlyForDeploymentPostprocessing = 0;
		};
/* End PBXResourcesBuildPhase section */

/* Begin PBXSourcesBuildPhase section */
		70D59D241CC4F43300DBB395 /* Sources */ = {
			isa = PBXSourcesBuildPhase;
			buildActionMask = 2147483647;
			files = (
				70D59D2E1CC4F43300DBB395 /* ViewController.swift in Sources */,
				70D59D2C1CC4F43300DBB395 /* AppDelegate.swift in Sources */,
			);
			runOnlyForDeploymentPostprocessing = 0;
		};
/* End PBXSourcesBuildPhase section */

/* Begin PBXVariantGroup section */
		70D59D2F1CC4F43300DBB395 /* Main.storyboard */ = {
			isa = PBXVariantGroup;
			children = (
				70D59D301CC4F43300DBB395 /* Base */,
			);
			name = Main.storyboard;
			sourceTree = "<group>";
		};
		70D59D341CC4F43300DBB395 /* LaunchScreen.storyboard */ = {
			isa = PBXVariantGroup;
			children = (
				70D59D351CC4F43300DBB395 /* Base */,
			);
			name = LaunchScreen.storyboard;
			sourceTree = "<group>";
		};
/* End PBXVariantGroup section */

/* Begin XCBuildConfiguration section */
		70D59D381CC4F43300DBB395 /* Debug */ = {
			isa = XCBuildConfiguration;
			buildSettings = {
				ALWAYS_SEARCH_USER_PATHS = NO;
				CLANG_ANALYZER_NONNULL = YES;
				CLANG_CXX_LANGUAGE_STANDARD = "gnu++0x";
				CLANG_CXX_LIBRARY = "libc++";
				CLANG_ENABLE_MODULES = YES;
				CLANG_ENABLE_OBJC_ARC = YES;
				CLANG_WARN_BOOL_CONVERSION = YES;
				CLANG_WARN_CONSTANT_CONVERSION = YES;
				CLANG_WARN_DIRECT_OBJC_ISA_USAGE = YES_ERROR;
				CLANG_WARN_EMPTY_BODY = YES;
				CLANG_WARN_ENUM_CONVERSION = YES;
				CLANG_WARN_INT_CONVERSION = YES;
				CLANG_WARN_OBJC_ROOT_CLASS = YES_ERROR;
				CLANG_WARN_UNREACHABLE_CODE = YES;
				CLANG_WARN__DUPLICATE_METHOD_MATCH = YES;
				"CODE_SIGN_IDENTITY[sdk=iphoneos*]" = "iPhone Developer";
				COPY_PHASE_STRIP = NO;
				DEBUG_INFORMATION_FORMAT = dwarf;
				ENABLE_STRICT_OBJC_MSGSEND = YES;
				ENABLE_TESTABILITY = YES;
				GCC_C_LANGUAGE_STANDARD = gnu99;
				GCC_DYNAMIC_NO_PIC = NO;
				GCC_NO_COMMON_BLOCKS = YES;
				GCC_OPTIMIZATION_LEVEL = 0;
				GCC_PREPROCESSOR_DEFINITIONS = (
					"DEBUG=1",
					"$(inherited)",
				);
				GCC_WARN_64_TO_32_BIT_CONVERSION = YES;
				GCC_WARN_ABOUT_RETURN_TYPE = YES_ERROR;
				GCC_WARN_UNDECLARED_SELECTOR = YES;
				GCC_WARN_UNINITIALIZED_AUTOS = YES_AGGRESSIVE;
				GCC_WARN_UNUSED_FUNCTION = YES;
				GCC_WARN_UNUSED_VARIABLE = YES;
				IPHONEOS_DEPLOYMENT_TARGET = 9.3;
				MTL_ENABLE_DEBUG_INFO = YES;
				ONLY_ACTIVE_ARCH = YES;
				SDKROOT = iphoneos;
				SWIFT_OPTIMIZATION_LEVEL = "-Onone";
				TARGETED_DEVICE_FAMILY = "1,2";
			};
			name = Debug;
		};
		70D59D391CC4F43300DBB395 /* Release */ = {
			isa = XCBuildConfiguration;
			buildSettings = {
				ALWAYS_SEARCH_USER_PATHS = NO;
				CLANG_ANALYZER_NONNULL = YES;
				CLANG_CXX_LANGUAGE_STANDARD = "gnu++0x";
				CLANG_CXX_LIBRARY = "libc++";
				CLANG_ENABLE_MODULES = YES;
				CLANG_ENABLE_OBJC_ARC = YES;
				CLANG_WARN_BOOL_CONVERSION = YES;
				CLANG_WARN_CONSTANT_CONVERSION = YES;
				CLANG_WARN_DIRECT_OBJC_ISA_USAGE = YES_ERROR;
				CLANG_WARN_EMPTY_BODY = YES;
				CLANG_WARN_ENUM_CONVERSION = YES;
				CLANG_WARN_INT_CONVERSION = YES;
				CLANG_WARN_OBJC_ROOT_CLASS = YES_ERROR;
				CLANG_WARN_UNREACHABLE_CODE = YES;
				CLANG_WARN__DUPLICATE_METHOD_MATCH = YES;
				"CODE_SIGN_IDENTITY[sdk=iphoneos*]" = "iPhone Developer";
				COPY_PHASE_STRIP = NO;
				DEBUG_INFORMATION_FORMAT = "dwarf-with-dsym";
				ENABLE_NS_ASSERTIONS = NO;
				ENABLE_STRICT_OBJC_MSGSEND = YES;
				GCC_C_LANGUAGE_STANDARD = gnu99;
				GCC_NO_COMMON_BLOCKS = YES;
				GCC_WARN_64_TO_32_BIT_CONVERSION = YES;
				GCC_WARN_ABOUT_RETURN_TYPE = YES_ERROR;
				GCC_WARN_UNDECLARED_SELECTOR = YES;
				GCC_WARN_UNINITIALIZED_AUTOS = YES_AGGRESSIVE;
				GCC_WARN_UNUSED_FUNCTION = YES;
				GCC_WARN_UNUSED_VARIABLE = YES;
				IPHONEOS_DEPLOYMENT_TARGET = 9.3;
				MTL_ENABLE_DEBUG_INFO = NO;
				SDKROOT = iphoneos;
				TARGETED_DEVICE_FAMILY = "1,2";
				VALIDATE_PRODUCT = YES;
			};
			name = Release;
		};
		70D59D3B1CC4F43300DBB395 /* Debug */ = {
			isa = XCBuildConfiguration;
			buildSettings = {
				ASSETCATALOG_COMPILER_APPICON_NAME = AppIcon;
				INFOPLIST_FILE = GitXcode/Info.plist;
				LD_RUNPATH_SEARCH_PATHS = "$(inherited) @executable_path/Frameworks";
				PRODUCT_BUNDLE_IDENTIFIER = com.abdou.GitXcode;
				PRODUCT_NAME = "$(TARGET_NAME)";
			};
			name = Debug;
		};
		70D59D3C1CC4F43300DBB395 /* Release */ = {
			isa = XCBuildConfiguration;
			buildSettings = {
				ASSETCATALOG_COMPILER_APPICON_NAME = AppIcon;
				INFOPLIST_FILE = GitXcode/Info.plist;
				LD_RUNPATH_SEARCH_PATHS = "$(inherited) @executable_path/Frameworks";
				PRODUCT_BUNDLE_IDENTIFIER = com.abdou.GitXcode;
				PRODUCT_NAME = "$(TARGET_NAME)";
			};
			name = Release;
		};
/* End XCBuildConfiguration section */

/* Begin XCConfigurationList section */
		70D59D231CC4F43300DBB395 /* Build configuration list for PBXProject "GitXcode" */ = {
			isa = XCConfigurationList;
			buildConfigurations = (
				70D59D381CC4F43300DBB395 /* Debug */,
				70D59D391CC4F43300DBB395 /* Release */,
			);
			defaultConfigurationIsVisible = 0;
			defaultConfigurationName = Release;
		};
		70D59D3A1CC4F43300DBB395 /* Build configuration list for PBXNativeTarget "GitXcode" */ = {
			isa = XCConfigurationList;
			buildConfigurations = (
				70D59D3B1CC4F43300DBB395 /* Debug */,
				70D59D3C1CC4F43300DBB395 /* Release */,
			);
			defaultConfigurationIsVisible = 0;
		};
/* End XCConfigurationList section */
	};
	rootObject = 70D59D201CC4F43300DBB395 /* Project object */;
}
